
Microsoft Visual Studio Solution File, Format Version 12.00
# Visual Studio Version 17
VisualStudioVersion = 17.4.33213.308
MinimumVisualStudioVersion = 10.0.40219.1
Project("{9A19103F-16F7-4668-BE54-9A1E7A4F7556}") = "SamSharp", "SamSharp\SamSharp.csproj", "{DED15293-0A5D-4117-84E9-92451754DDAE}"
EndProject
Project("{9A19103F-16F7-4668-BE54-9A1E7A4F7556}") = "ShowCase", "ShowCase\ShowCase.csproj", "{FD53A3FA-A8B9-418E-BB75-CBEBA9ED151C}"
EndProject
Global
	GlobalSection(SolutionConfigurationPlatforms) = preSolution
		Debug|Any CPU = Debug|Any CPU
		Release|Any CPU = Release|Any CPU
	EndGlobalSection
	GlobalSection(ProjectConfigurationPlatforms) = postSolution
		{DED15293-0A5D-4117-84E9-92451754DDAE}.Debug|Any CPU.ActiveCfg = Debug|Any CPU
		{DED15293-0A5D-4117-84E9-92451754DDAE}.Debug|Any CPU.Build.0 = Debug|Any CPU
		{DED15293-0A5D-4117-84E9-92451754DDAE}.Release|Any CPU.ActiveCfg = Release|Any CPU
		{DED15293-0A5D-4117-84E9-92451754DDAE}.Release|Any CPU.Build.0 = Release|Any CPU
		{FD53A3FA-A8B9-418E-BB75-CBEBA9ED151C}.Debug|Any CPU.ActiveCfg = Debug|Any CPU
		{FD53A3FA-A8B9-418E-BB75-CBEBA9ED151C}.Debug|Any CPU.Build.0 = Debug|Any CPU
		{FD53A3FA-A8B9-418E-BB75-CBEBA9ED151C}.Release|Any CPU.ActiveCfg = Release|Any CPU
		{FD53A3FA-A8B9-418E-BB75-CBEBA9ED151C}.Release|Any CPU.Build.0 = Release|Any CPU
	EndGlobalSection
	GlobalSection(SolutionProperties) = preSolution
		HideSolutionNode = FALSE
	EndGlobalSection
	GlobalSection(ExtensibilityGlobals) = postSolution
		SolutionGuid = {B19EFF5A-69B5-4B13-8962-6458357D2816}
	EndGlobalSection
EndGlobal
